
Microsoft Visual Studio Solution File, Format Version 12.00
# Visual Studio Version 16
VisualStudioVersion = 16.0.29728.190
MinimumVisualStudioVersion = 10.0.40219.1
Project("{FAE04EC0-301F-11D3-BF4B-00C04F79EFBC}") = "SEDC.VideoRental.Data", "SEDC.VideoRental.Data\SEDC.VideoRental.Data.csproj", "{F770ECF6-B2C5-4992-8252-E4FA332267AF}"
EndProject
Project("{FAE04EC0-301F-11D3-BF4B-00C04F79EFBC}") = "SEDC.VideoRental.Services", "SEDC.VideoRental.Services\SEDC.VideoRental.Services.csproj", "{B957CB67-CA1C-47D3-8ACF-7ACA7F119083}"
EndProject
Project("{FAE04EC0-301F-11D3-BF4B-00C04F79EFBC}") = "SEDC.VideoRental.App", "SEDC.VideoRental.App\SEDC.VideoRental.App.csproj", "{4BFD737D-1A86-4A7B-94F4-A1A371DBCA86}"
EndProject
Global
	GlobalSection(SolutionConfigurationPlatforms) = preSolution
		Debug|Any CPU = Debug|Any CPU
		Release|Any CPU = Release|Any CPU
	EndGlobalSection
	GlobalSection(ProjectConfigurationPlatforms) = postSolution
		{F770ECF6-B2C5-4992-8252-E4FA332267AF}.Debug|Any CPU.ActiveCfg = Debug|Any CPU
		{F770ECF6-B2C5-4992-8252-E4FA332267AF}.Debug|Any CPU.Build.0 = Debug|Any CPU
		{F770ECF6-B2C5-4992-8252-E4FA332267AF}.Release|Any CPU.ActiveCfg = Release|Any CPU
		{F770ECF6-B2C5-4992-8252-E4FA332267AF}.Release|Any CPU.Build.0 = Release|Any CPU
		{B957CB67-CA1C-47D3-8ACF-7ACA7F119083}.Debug|Any CPU.ActiveCfg = Debug|Any CPU
		{B957CB67-CA1C-47D3-8ACF-7ACA7F119083}.Debug|Any CPU.Build.0 = Debug|Any CPU
		{B957CB67-CA1C-47D3-8ACF-7ACA7F119083}.Release|Any CPU.ActiveCfg = Release|Any CPU
		{B957CB67-CA1C-47D3-8ACF-7ACA7F119083}.Release|Any CPU.Build.0 = Release|Any CPU
		{4BFD737D-1A86-4A7B-94F4-A1A371DBCA86}.Debug|Any CPU.ActiveCfg = Debug|Any CPU
		{4BFD737D-1A86-4A7B-94F4-A1A371DBCA86}.Debug|Any CPU.Build.0 = Debug|Any CPU
		{4BFD737D-1A86-4A7B-94F4-A1A371DBCA86}.Release|Any CPU.ActiveCfg = Release|Any CPU
		{4BFD737D-1A86-4A7B-94F4-A1A371DBCA86}.Release|Any CPU.Build.0 = Release|Any CPU
	EndGlobalSection
	GlobalSection(SolutionProperties) = preSolution
		HideSolutionNode = FALSE
	EndGlobalSection
	GlobalSection(ExtensibilityGlobals) = postSolution
		SolutionGuid = {DBD7E565-D531-471C-AF24-A079821CA517}
	EndGlobalSection
EndGlobal
