
Microsoft Visual Studio Solution File, Format Version 12.00
# Visual Studio Version 16
VisualStudioVersion = 16.0.29728.190
MinimumVisualStudioVersion = 10.0.40219.1
Project("{FAE04EC0-301F-11D3-BF4B-00C04F79EFBC}") = "SEDC.Class06.Excersise.Enumerations", "SEDC.Class06.Excersise.Enumerations\SEDC.Class06.Excersise.Enumerations.csproj", "{CEA4575A-C5AC-47AE-8015-5C98C8100AAD}"
EndProject
Project("{FAE04EC0-301F-11D3-BF4B-00C04F79EFBC}") = "SEDC.Execersise.Entities", "SEDC.Execersise.Entities\SEDC.Execersise.Entities.csproj", "{AE712EBA-34F3-4EC6-91EB-37A078D388F7}"
EndProject
Project("{FAE04EC0-301F-11D3-BF4B-00C04F79EFBC}") = "SEDC.Class06.Excersise.App", "SEDC.Class06.Excersise.App\SEDC.Class06.Excersise.App.csproj", "{5C457132-1194-4BF1-9E13-695E5FA21283}"
EndProject
Global
	GlobalSection(SolutionConfigurationPlatforms) = preSolution
		Debug|Any CPU = Debug|Any CPU
		Release|Any CPU = Release|Any CPU
	EndGlobalSection
	GlobalSection(ProjectConfigurationPlatforms) = postSolution
		{CEA4575A-C5AC-47AE-8015-5C98C8100AAD}.Debug|Any CPU.ActiveCfg = Debug|Any CPU
		{CEA4575A-C5AC-47AE-8015-5C98C8100AAD}.Debug|Any CPU.Build.0 = Debug|Any CPU
		{CEA4575A-C5AC-47AE-8015-5C98C8100AAD}.Release|Any CPU.ActiveCfg = Release|Any CPU
		{CEA4575A-C5AC-47AE-8015-5C98C8100AAD}.Release|Any CPU.Build.0 = Release|Any CPU
		{AE712EBA-34F3-4EC6-91EB-37A078D388F7}.Debug|Any CPU.ActiveCfg = Debug|Any CPU
		{AE712EBA-34F3-4EC6-91EB-37A078D388F7}.Debug|Any CPU.Build.0 = Debug|Any CPU
		{AE712EBA-34F3-4EC6-91EB-37A078D388F7}.Release|Any CPU.ActiveCfg = Release|Any CPU
		{AE712EBA-34F3-4EC6-91EB-37A078D388F7}.Release|Any CPU.Build.0 = Release|Any CPU
		{5C457132-1194-4BF1-9E13-695E5FA21283}.Debug|Any CPU.ActiveCfg = Debug|Any CPU
		{5C457132-1194-4BF1-9E13-695E5FA21283}.Debug|Any CPU.Build.0 = Debug|Any CPU
		{5C457132-1194-4BF1-9E13-695E5FA21283}.Release|Any CPU.ActiveCfg = Release|Any CPU
		{5C457132-1194-4BF1-9E13-695E5FA21283}.Release|Any CPU.Build.0 = Release|Any CPU
	EndGlobalSection
	GlobalSection(SolutionProperties) = preSolution
		HideSolutionNode = FALSE
	EndGlobalSection
	GlobalSection(ExtensibilityGlobals) = postSolution
		SolutionGuid = {91F839CF-7622-4BF0-813B-D6DB09192591}
	EndGlobalSection
EndGlobal
