
Microsoft Visual Studio Solution File, Format Version 12.00
# Visual Studio Version 16
VisualStudioVersion = 16.0.29215.179
MinimumVisualStudioVersion = 10.0.40219.1
Project("{FAE04EC0-301F-11D3-BF4B-00C04F79EFBC}") = "Inheritance", "Inheritance\Inheritance.csproj", "{CE819277-1E90-48A6-BD15-EE39AD88222E}"
EndProject
Project("{FAE04EC0-301F-11D3-BF4B-00C04F79EFBC}") = "InheritanceClasses", "InheritanceClasses\InheritanceClasses.csproj", "{EBAA8E59-51F8-4553-A849-2790B82E4847}"
EndProject
Global
	GlobalSection(SolutionConfigurationPlatforms) = preSolution
		Debug|Any CPU = Debug|Any CPU
		Release|Any CPU = Release|Any CPU
	EndGlobalSection
	GlobalSection(ProjectConfigurationPlatforms) = postSolution
		{CE819277-1E90-48A6-BD15-EE39AD88222E}.Debug|Any CPU.ActiveCfg = Debug|Any CPU
		{CE819277-1E90-48A6-BD15-EE39AD88222E}.Debug|Any CPU.Build.0 = Debug|Any CPU
		{CE819277-1E90-48A6-BD15-EE39AD88222E}.Release|Any CPU.ActiveCfg = Release|Any CPU
		{CE819277-1E90-48A6-BD15-EE39AD88222E}.Release|Any CPU.Build.0 = Release|Any CPU
		{EBAA8E59-51F8-4553-A849-2790B82E4847}.Debug|Any CPU.ActiveCfg = Debug|Any CPU
		{EBAA8E59-51F8-4553-A849-2790B82E4847}.Debug|Any CPU.Build.0 = Debug|Any CPU
		{EBAA8E59-51F8-4553-A849-2790B82E4847}.Release|Any CPU.ActiveCfg = Release|Any CPU
		{EBAA8E59-51F8-4553-A849-2790B82E4847}.Release|Any CPU.Build.0 = Release|Any CPU
	EndGlobalSection
	GlobalSection(SolutionProperties) = preSolution
		HideSolutionNode = FALSE
	EndGlobalSection
	GlobalSection(ExtensibilityGlobals) = postSolution
		SolutionGuid = {EF5C26A6-AC6E-48DB-B663-402F83A8A7ED}
	EndGlobalSection
EndGlobal
