
Microsoft Visual Studio Solution File, Format Version 12.00
# Visual Studio Version 16
VisualStudioVersion = 16.0.30104.148
MinimumVisualStudioVersion = 10.0.40219.1
Project("{FAE04EC0-301F-11D3-BF4B-00C04F79EFBC}") = "Class09", "Class09\Class09.csproj", "{262E4035-FCBC-49AA-A056-76A1CD593AA6}"
EndProject
Project("{FAE04EC0-301F-11D3-BF4B-00C04F79EFBC}") = "WhileLoopExample", "WhileLoopExample\WhileLoopExample.csproj", "{4090F70F-239A-4D9F-B0BD-631CE53A0B6E}"
EndProject
Global
	GlobalSection(SolutionConfigurationPlatforms) = preSolution
		Debug|Any CPU = Debug|Any CPU
		Release|Any CPU = Release|Any CPU
	EndGlobalSection
	GlobalSection(ProjectConfigurationPlatforms) = postSolution
		{262E4035-FCBC-49AA-A056-76A1CD593AA6}.Debug|Any CPU.ActiveCfg = Debug|Any CPU
		{262E4035-FCBC-49AA-A056-76A1CD593AA6}.Debug|Any CPU.Build.0 = Debug|Any CPU
		{262E4035-FCBC-49AA-A056-76A1CD593AA6}.Release|Any CPU.ActiveCfg = Release|Any CPU
		{262E4035-FCBC-49AA-A056-76A1CD593AA6}.Release|Any CPU.Build.0 = Release|Any CPU
		{4090F70F-239A-4D9F-B0BD-631CE53A0B6E}.Debug|Any CPU.ActiveCfg = Debug|Any CPU
		{4090F70F-239A-4D9F-B0BD-631CE53A0B6E}.Debug|Any CPU.Build.0 = Debug|Any CPU
		{4090F70F-239A-4D9F-B0BD-631CE53A0B6E}.Release|Any CPU.ActiveCfg = Release|Any CPU
		{4090F70F-239A-4D9F-B0BD-631CE53A0B6E}.Release|Any CPU.Build.0 = Release|Any CPU
	EndGlobalSection
	GlobalSection(SolutionProperties) = preSolution
		HideSolutionNode = FALSE
	EndGlobalSection
	GlobalSection(ExtensibilityGlobals) = postSolution
		SolutionGuid = {F785863B-4535-4B99-BE44-4DAB2CB4D75B}
	EndGlobalSection
EndGlobal
