
Microsoft Visual Studio Solution File, Format Version 12.00
# Visual Studio Version 16
VisualStudioVersion = 16.0.29215.179
MinimumVisualStudioVersion = 10.0.40219.1
Project("{FAE04EC0-301F-11D3-BF4B-00C04F79EFBC}") = "Dates", "DateTime\Dates.csproj", "{30092F06-34EA-4CDA-958A-A84E24304E91}"
EndProject
Project("{FAE04EC0-301F-11D3-BF4B-00C04F79EFBC}") = "ClassesAndObjects", "ClassesAndObjects\ClassesAndObjects.csproj", "{0F0E9C8C-351D-4E57-8372-8FE1CB8C8A34}"
EndProject
Project("{FAE04EC0-301F-11D3-BF4B-00C04F79EFBC}") = "ClassExercise", "ClassExercise\ClassExercise.csproj", "{5A33D7B3-D9AE-4E75-B1B6-8CEDE175CC8C}"
EndProject
Global
	GlobalSection(SolutionConfigurationPlatforms) = preSolution
		Debug|Any CPU = Debug|Any CPU
		Release|Any CPU = Release|Any CPU
	EndGlobalSection
	GlobalSection(ProjectConfigurationPlatforms) = postSolution
		{30092F06-34EA-4CDA-958A-A84E24304E91}.Debug|Any CPU.ActiveCfg = Debug|Any CPU
		{30092F06-34EA-4CDA-958A-A84E24304E91}.Debug|Any CPU.Build.0 = Debug|Any CPU
		{30092F06-34EA-4CDA-958A-A84E24304E91}.Release|Any CPU.ActiveCfg = Release|Any CPU
		{30092F06-34EA-4CDA-958A-A84E24304E91}.Release|Any CPU.Build.0 = Release|Any CPU
		{0F0E9C8C-351D-4E57-8372-8FE1CB8C8A34}.Debug|Any CPU.ActiveCfg = Debug|Any CPU
		{0F0E9C8C-351D-4E57-8372-8FE1CB8C8A34}.Debug|Any CPU.Build.0 = Debug|Any CPU
		{0F0E9C8C-351D-4E57-8372-8FE1CB8C8A34}.Release|Any CPU.ActiveCfg = Release|Any CPU
		{0F0E9C8C-351D-4E57-8372-8FE1CB8C8A34}.Release|Any CPU.Build.0 = Release|Any CPU
		{5A33D7B3-D9AE-4E75-B1B6-8CEDE175CC8C}.Debug|Any CPU.ActiveCfg = Debug|Any CPU
		{5A33D7B3-D9AE-4E75-B1B6-8CEDE175CC8C}.Debug|Any CPU.Build.0 = Debug|Any CPU
		{5A33D7B3-D9AE-4E75-B1B6-8CEDE175CC8C}.Release|Any CPU.ActiveCfg = Release|Any CPU
		{5A33D7B3-D9AE-4E75-B1B6-8CEDE175CC8C}.Release|Any CPU.Build.0 = Release|Any CPU
	EndGlobalSection
	GlobalSection(SolutionProperties) = preSolution
		HideSolutionNode = FALSE
	EndGlobalSection
	GlobalSection(ExtensibilityGlobals) = postSolution
		SolutionGuid = {3C089798-A95A-4000-8BB7-80BE1119D32D}
	EndGlobalSection
EndGlobal
