
Microsoft Visual Studio Solution File, Format Version 12.00
# Visual Studio Version 16
VisualStudioVersion = 16.0.29806.167
MinimumVisualStudioVersion = 10.0.40219.1
Project("{FAE04EC0-301F-11D3-BF4B-00C04F79EFBC}") = "SEDC.ClassesPart_2", "SEDC.ClassesPart_2\SEDC.ClassesPart_2.csproj", "{24679346-4A54-48A9-AE65-6FCFDA5BD0E5}"
EndProject
Project("{FAE04EC0-301F-11D3-BF4B-00C04F79EFBC}") = "SEDC.LibraryApp", "..\..\..\Desktop\JS\TrainersRepo\skwd8-05-oopcsharp\g2\Class05_Part2\SEDC.LibraryApp\SEDC.LibraryApp.csproj", "{6C9965AB-B307-481B-81F9-73007ECFF295}"
EndProject
Global
	GlobalSection(SolutionConfigurationPlatforms) = preSolution
		Debug|Any CPU = Debug|Any CPU
		Release|Any CPU = Release|Any CPU
	EndGlobalSection
	GlobalSection(ProjectConfigurationPlatforms) = postSolution
		{24679346-4A54-48A9-AE65-6FCFDA5BD0E5}.Debug|Any CPU.ActiveCfg = Debug|Any CPU
		{24679346-4A54-48A9-AE65-6FCFDA5BD0E5}.Debug|Any CPU.Build.0 = Debug|Any CPU
		{24679346-4A54-48A9-AE65-6FCFDA5BD0E5}.Release|Any CPU.ActiveCfg = Release|Any CPU
		{24679346-4A54-48A9-AE65-6FCFDA5BD0E5}.Release|Any CPU.Build.0 = Release|Any CPU
		{6C9965AB-B307-481B-81F9-73007ECFF295}.Debug|Any CPU.ActiveCfg = Debug|Any CPU
		{6C9965AB-B307-481B-81F9-73007ECFF295}.Debug|Any CPU.Build.0 = Debug|Any CPU
		{6C9965AB-B307-481B-81F9-73007ECFF295}.Release|Any CPU.ActiveCfg = Release|Any CPU
		{6C9965AB-B307-481B-81F9-73007ECFF295}.Release|Any CPU.Build.0 = Release|Any CPU
	EndGlobalSection
	GlobalSection(SolutionProperties) = preSolution
		HideSolutionNode = FALSE
	EndGlobalSection
	GlobalSection(ExtensibilityGlobals) = postSolution
		SolutionGuid = {2FAF851E-3281-4148-BB58-C725709F0F61}
	EndGlobalSection
EndGlobal
