
Microsoft Visual Studio Solution File, Format Version 12.00
# Visual Studio 15
VisualStudioVersion = 15.0.28307.705
MinimumVisualStudioVersion = 10.0.40219.1
Project("{9A19103F-16F7-4668-BE54-9A1E7A4F7556}") = "OgnenQuestion", "OgnenQuestion\OgnenQuestion.csproj", "{409A4EA9-063D-4366-AA69-0AA5DB16559A}"
EndProject
Project("{9A19103F-16F7-4668-BE54-9A1E7A4F7556}") = "Strings", "Strings\Strings.csproj", "{86AAD4A6-1F7B-4C10-A773-3DA39752C746}"
EndProject
Project("{9A19103F-16F7-4668-BE54-9A1E7A4F7556}") = "Dates", "Dates\Dates.csproj", "{9427F013-B16A-447B-B2BA-10F633C37778}"
EndProject
Project("{9A19103F-16F7-4668-BE54-9A1E7A4F7556}") = "Classes", "Classes\Classes.csproj", "{35E01C54-0DDA-457D-837C-68539E360C9A}"
EndProject
Project("{FAE04EC0-301F-11D3-BF4B-00C04F79EFBC}") = "ExtraClassesExample", "ExtraClassesExample\ExtraClassesExample.csproj", "{F18FE7B7-2F13-4CA5-9AC6-E2CAF8BCA059}"
EndProject
Global
	GlobalSection(SolutionConfigurationPlatforms) = preSolution
		Debug|Any CPU = Debug|Any CPU
		Release|Any CPU = Release|Any CPU
	EndGlobalSection
	GlobalSection(ProjectConfigurationPlatforms) = postSolution
		{409A4EA9-063D-4366-AA69-0AA5DB16559A}.Debug|Any CPU.ActiveCfg = Debug|Any CPU
		{409A4EA9-063D-4366-AA69-0AA5DB16559A}.Debug|Any CPU.Build.0 = Debug|Any CPU
		{409A4EA9-063D-4366-AA69-0AA5DB16559A}.Release|Any CPU.ActiveCfg = Release|Any CPU
		{409A4EA9-063D-4366-AA69-0AA5DB16559A}.Release|Any CPU.Build.0 = Release|Any CPU
		{86AAD4A6-1F7B-4C10-A773-3DA39752C746}.Debug|Any CPU.ActiveCfg = Debug|Any CPU
		{86AAD4A6-1F7B-4C10-A773-3DA39752C746}.Debug|Any CPU.Build.0 = Debug|Any CPU
		{86AAD4A6-1F7B-4C10-A773-3DA39752C746}.Release|Any CPU.ActiveCfg = Release|Any CPU
		{86AAD4A6-1F7B-4C10-A773-3DA39752C746}.Release|Any CPU.Build.0 = Release|Any CPU
		{9427F013-B16A-447B-B2BA-10F633C37778}.Debug|Any CPU.ActiveCfg = Debug|Any CPU
		{9427F013-B16A-447B-B2BA-10F633C37778}.Debug|Any CPU.Build.0 = Debug|Any CPU
		{9427F013-B16A-447B-B2BA-10F633C37778}.Release|Any CPU.ActiveCfg = Release|Any CPU
		{9427F013-B16A-447B-B2BA-10F633C37778}.Release|Any CPU.Build.0 = Release|Any CPU
		{35E01C54-0DDA-457D-837C-68539E360C9A}.Debug|Any CPU.ActiveCfg = Debug|Any CPU
		{35E01C54-0DDA-457D-837C-68539E360C9A}.Debug|Any CPU.Build.0 = Debug|Any CPU
		{35E01C54-0DDA-457D-837C-68539E360C9A}.Release|Any CPU.ActiveCfg = Release|Any CPU
		{35E01C54-0DDA-457D-837C-68539E360C9A}.Release|Any CPU.Build.0 = Release|Any CPU
		{F18FE7B7-2F13-4CA5-9AC6-E2CAF8BCA059}.Debug|Any CPU.ActiveCfg = Debug|Any CPU
		{F18FE7B7-2F13-4CA5-9AC6-E2CAF8BCA059}.Debug|Any CPU.Build.0 = Debug|Any CPU
		{F18FE7B7-2F13-4CA5-9AC6-E2CAF8BCA059}.Release|Any CPU.ActiveCfg = Release|Any CPU
		{F18FE7B7-2F13-4CA5-9AC6-E2CAF8BCA059}.Release|Any CPU.Build.0 = Release|Any CPU
	EndGlobalSection
	GlobalSection(SolutionProperties) = preSolution
		HideSolutionNode = FALSE
	EndGlobalSection
	GlobalSection(ExtensibilityGlobals) = postSolution
		SolutionGuid = {3E595D5B-B051-4411-917E-26AA4A348ECD}
	EndGlobalSection
EndGlobal
