
Microsoft Visual Studio Solution File, Format Version 12.00
# Visual Studio Version 16
VisualStudioVersion = 16.0.29806.167
MinimumVisualStudioVersion = 10.0.40219.1
Project("{FAE04EC0-301F-11D3-BF4B-00C04F79EFBC}") = "Directory", "Directory\Directory.csproj", "{70585F2A-4439-49D9-8AA8-6E43E36C2873}"
EndProject
Global
	GlobalSection(SolutionConfigurationPlatforms) = preSolution
		Debug|Any CPU = Debug|Any CPU
		Release|Any CPU = Release|Any CPU
	EndGlobalSection
	GlobalSection(ProjectConfigurationPlatforms) = postSolution
		{70585F2A-4439-49D9-8AA8-6E43E36C2873}.Debug|Any CPU.ActiveCfg = Debug|Any CPU
		{70585F2A-4439-49D9-8AA8-6E43E36C2873}.Debug|Any CPU.Build.0 = Debug|Any CPU
		{70585F2A-4439-49D9-8AA8-6E43E36C2873}.Release|Any CPU.ActiveCfg = Release|Any CPU
		{70585F2A-4439-49D9-8AA8-6E43E36C2873}.Release|Any CPU.Build.0 = Release|Any CPU
	EndGlobalSection
	GlobalSection(SolutionProperties) = preSolution
		HideSolutionNode = FALSE
	EndGlobalSection
	GlobalSection(ExtensibilityGlobals) = postSolution
		SolutionGuid = {E3C6EA13-EF3B-46A8-B6EF-3B4F329F0697}
	EndGlobalSection
EndGlobal
