
Microsoft Visual Studio Solution File, Format Version 12.00
# Visual Studio Version 16
VisualStudioVersion = 16.0.29806.167
MinimumVisualStudioVersion = 10.0.40219.1
Project("{FAE04EC0-301F-11D3-BF4B-00C04F79EFBC}") = "FootballLeague", "FootballLeague\FootballLeague.csproj", "{2351DAF3-5C95-4C3B-B151-6D8EFCA5C073}"
EndProject
Project("{FAE04EC0-301F-11D3-BF4B-00C04F79EFBC}") = "Models", "Models\Models.csproj", "{8110B54C-0F9B-440E-A2F5-D48A14F2AFAA}"
EndProject
Global
	GlobalSection(SolutionConfigurationPlatforms) = preSolution
		Debug|Any CPU = Debug|Any CPU
		Release|Any CPU = Release|Any CPU
	EndGlobalSection
	GlobalSection(ProjectConfigurationPlatforms) = postSolution
		{2351DAF3-5C95-4C3B-B151-6D8EFCA5C073}.Debug|Any CPU.ActiveCfg = Debug|Any CPU
		{2351DAF3-5C95-4C3B-B151-6D8EFCA5C073}.Debug|Any CPU.Build.0 = Debug|Any CPU
		{2351DAF3-5C95-4C3B-B151-6D8EFCA5C073}.Release|Any CPU.ActiveCfg = Release|Any CPU
		{2351DAF3-5C95-4C3B-B151-6D8EFCA5C073}.Release|Any CPU.Build.0 = Release|Any CPU
		{8110B54C-0F9B-440E-A2F5-D48A14F2AFAA}.Debug|Any CPU.ActiveCfg = Debug|Any CPU
		{8110B54C-0F9B-440E-A2F5-D48A14F2AFAA}.Debug|Any CPU.Build.0 = Debug|Any CPU
		{8110B54C-0F9B-440E-A2F5-D48A14F2AFAA}.Release|Any CPU.ActiveCfg = Release|Any CPU
		{8110B54C-0F9B-440E-A2F5-D48A14F2AFAA}.Release|Any CPU.Build.0 = Release|Any CPU
	EndGlobalSection
	GlobalSection(SolutionProperties) = preSolution
		HideSolutionNode = FALSE
	EndGlobalSection
	GlobalSection(ExtensibilityGlobals) = postSolution
		SolutionGuid = {93C70671-C24E-4E20-9B31-EB3999FEA43C}
	EndGlobalSection
EndGlobal
