
Microsoft Visual Studio Solution File, Format Version 12.00
# Visual Studio Version 16
VisualStudioVersion = 16.0.30011.22
MinimumVisualStudioVersion = 10.0.40219.1
Project("{FAE04EC0-301F-11D3-BF4B-00C04F79EFBC}") = "LibraryApp", "LibraryApp\LibraryApp.csproj", "{872C539A-4E76-45BA-8192-3A7BFDA4D9BD}"
EndProject
Project("{FAE04EC0-301F-11D3-BF4B-00C04F79EFBC}") = "LibraryApp.Models", "LibraryApp.Models\LibraryApp.Models.csproj", "{882E4077-AFF2-4431-9631-3822AF818DC8}"
EndProject
Project("{FAE04EC0-301F-11D3-BF4B-00C04F79EFBC}") = "LibraryApp.Services", "LibraryApp.Services\LibraryApp.Services.csproj", "{44693310-852D-4DB2-BE2F-00F4A995DF25}"
EndProject
Global
	GlobalSection(SolutionConfigurationPlatforms) = preSolution
		Debug|Any CPU = Debug|Any CPU
		Release|Any CPU = Release|Any CPU
	EndGlobalSection
	GlobalSection(ProjectConfigurationPlatforms) = postSolution
		{872C539A-4E76-45BA-8192-3A7BFDA4D9BD}.Debug|Any CPU.ActiveCfg = Debug|Any CPU
		{872C539A-4E76-45BA-8192-3A7BFDA4D9BD}.Debug|Any CPU.Build.0 = Debug|Any CPU
		{872C539A-4E76-45BA-8192-3A7BFDA4D9BD}.Release|Any CPU.ActiveCfg = Release|Any CPU
		{872C539A-4E76-45BA-8192-3A7BFDA4D9BD}.Release|Any CPU.Build.0 = Release|Any CPU
		{882E4077-AFF2-4431-9631-3822AF818DC8}.Debug|Any CPU.ActiveCfg = Debug|Any CPU
		{882E4077-AFF2-4431-9631-3822AF818DC8}.Debug|Any CPU.Build.0 = Debug|Any CPU
		{882E4077-AFF2-4431-9631-3822AF818DC8}.Release|Any CPU.ActiveCfg = Release|Any CPU
		{882E4077-AFF2-4431-9631-3822AF818DC8}.Release|Any CPU.Build.0 = Release|Any CPU
		{44693310-852D-4DB2-BE2F-00F4A995DF25}.Debug|Any CPU.ActiveCfg = Debug|Any CPU
		{44693310-852D-4DB2-BE2F-00F4A995DF25}.Debug|Any CPU.Build.0 = Debug|Any CPU
		{44693310-852D-4DB2-BE2F-00F4A995DF25}.Release|Any CPU.ActiveCfg = Release|Any CPU
		{44693310-852D-4DB2-BE2F-00F4A995DF25}.Release|Any CPU.Build.0 = Release|Any CPU
	EndGlobalSection
	GlobalSection(SolutionProperties) = preSolution
		HideSolutionNode = FALSE
	EndGlobalSection
	GlobalSection(ExtensibilityGlobals) = postSolution
		SolutionGuid = {44638DD5-DCC3-42C6-8F8B-CA31831C56C7}
	EndGlobalSection
EndGlobal
