
Microsoft Visual Studio Solution File, Format Version 12.00
# Visual Studio Version 16
VisualStudioVersion = 16.0.30114.105
MinimumVisualStudioVersion = 10.0.40219.1
Project("{FAE04EC0-301F-11D3-BF4B-00C04F79EFBC}") = "SEDC.PostsApp.DomainModels", "SEDC.PostsApp.DomainModels\SEDC.PostsApp.DomainModels.csproj", "{E3857B9F-E472-4938-97C9-13060B9581BA}"
EndProject
Project("{FAE04EC0-301F-11D3-BF4B-00C04F79EFBC}") = "SEDC.PostsApp.DataAccess", "SEDC.PostsApp.DataAccess\SEDC.PostsApp.DataAccess.csproj", "{51EA7CCE-140F-4E9F-AF64-53E8A4EDE5D2}"
EndProject
Project("{FAE04EC0-301F-11D3-BF4B-00C04F79EFBC}") = "SEDC.PostsApp.API", "SEDC.PostsApp.API\SEDC.PostsApp.API.csproj", "{0E30A181-4DF2-427C-AB92-B5B05845F00B}"
EndProject
Project("{FAE04EC0-301F-11D3-BF4B-00C04F79EFBC}") = "SEDC.PostsApp", "SEDC.PostsApp\SEDC.PostsApp.csproj", "{56B3DBA2-702C-4A0C-AA53-4DA5A2FDA3F9}"
EndProject
Global
	GlobalSection(SolutionConfigurationPlatforms) = preSolution
		Debug|Any CPU = Debug|Any CPU
		Release|Any CPU = Release|Any CPU
	EndGlobalSection
	GlobalSection(ProjectConfigurationPlatforms) = postSolution
		{E3857B9F-E472-4938-97C9-13060B9581BA}.Debug|Any CPU.ActiveCfg = Debug|Any CPU
		{E3857B9F-E472-4938-97C9-13060B9581BA}.Debug|Any CPU.Build.0 = Debug|Any CPU
		{E3857B9F-E472-4938-97C9-13060B9581BA}.Release|Any CPU.ActiveCfg = Release|Any CPU
		{E3857B9F-E472-4938-97C9-13060B9581BA}.Release|Any CPU.Build.0 = Release|Any CPU
		{51EA7CCE-140F-4E9F-AF64-53E8A4EDE5D2}.Debug|Any CPU.ActiveCfg = Debug|Any CPU
		{51EA7CCE-140F-4E9F-AF64-53E8A4EDE5D2}.Debug|Any CPU.Build.0 = Debug|Any CPU
		{51EA7CCE-140F-4E9F-AF64-53E8A4EDE5D2}.Release|Any CPU.ActiveCfg = Release|Any CPU
		{51EA7CCE-140F-4E9F-AF64-53E8A4EDE5D2}.Release|Any CPU.Build.0 = Release|Any CPU
		{0E30A181-4DF2-427C-AB92-B5B05845F00B}.Debug|Any CPU.ActiveCfg = Debug|Any CPU
		{0E30A181-4DF2-427C-AB92-B5B05845F00B}.Debug|Any CPU.Build.0 = Debug|Any CPU
		{0E30A181-4DF2-427C-AB92-B5B05845F00B}.Release|Any CPU.ActiveCfg = Release|Any CPU
		{0E30A181-4DF2-427C-AB92-B5B05845F00B}.Release|Any CPU.Build.0 = Release|Any CPU
		{56B3DBA2-702C-4A0C-AA53-4DA5A2FDA3F9}.Debug|Any CPU.ActiveCfg = Debug|Any CPU
		{56B3DBA2-702C-4A0C-AA53-4DA5A2FDA3F9}.Debug|Any CPU.Build.0 = Debug|Any CPU
		{56B3DBA2-702C-4A0C-AA53-4DA5A2FDA3F9}.Release|Any CPU.ActiveCfg = Release|Any CPU
		{56B3DBA2-702C-4A0C-AA53-4DA5A2FDA3F9}.Release|Any CPU.Build.0 = Release|Any CPU
	EndGlobalSection
	GlobalSection(SolutionProperties) = preSolution
		HideSolutionNode = FALSE
	EndGlobalSection
	GlobalSection(ExtensibilityGlobals) = postSolution
		SolutionGuid = {F82CD878-F02C-45C2-ADC9-271BC0478974}
	EndGlobalSection
EndGlobal
