
Microsoft Visual Studio Solution File, Format Version 12.00
# Visual Studio Version 16
VisualStudioVersion = 16.0.30011.22
MinimumVisualStudioVersion = 10.0.40219.1
Project("{FAE04EC0-301F-11D3-BF4B-00C04F79EFBC}") = "SEDC.ExceptionHandling", "SEDC.ExceptionHandling\SEDC.ExceptionHandling.csproj", "{20C33062-2D8D-4AA3-AC21-0E4B01F6332A}"
EndProject
Project("{FAE04EC0-301F-11D3-BF4B-00C04F79EFBC}") = "SEDC.DataAccess", "SEDC.DataAccess\SEDC.DataAccess.csproj", "{1F22338A-0B3E-4AFF-908B-159893AD2D4B}"
EndProject
Project("{FAE04EC0-301F-11D3-BF4B-00C04F79EFBC}") = "SEDC.DomainModels", "SEDC.DomainModels\SEDC.DomainModels.csproj", "{8ECCFFF4-09E0-419B-88EA-4AFC35602EA4}"
EndProject
Project("{FAE04EC0-301F-11D3-BF4B-00C04F79EFBC}") = "SEDC.PostsAPI", "SEDC.PostsAPI\SEDC.PostsAPI.csproj", "{87263D7B-DF63-4158-8809-6DFA8C85B1BC}"
EndProject
Global
	GlobalSection(SolutionConfigurationPlatforms) = preSolution
		Debug|Any CPU = Debug|Any CPU
		Release|Any CPU = Release|Any CPU
	EndGlobalSection
	GlobalSection(ProjectConfigurationPlatforms) = postSolution
		{20C33062-2D8D-4AA3-AC21-0E4B01F6332A}.Debug|Any CPU.ActiveCfg = Debug|Any CPU
		{20C33062-2D8D-4AA3-AC21-0E4B01F6332A}.Debug|Any CPU.Build.0 = Debug|Any CPU
		{20C33062-2D8D-4AA3-AC21-0E4B01F6332A}.Release|Any CPU.ActiveCfg = Release|Any CPU
		{20C33062-2D8D-4AA3-AC21-0E4B01F6332A}.Release|Any CPU.Build.0 = Release|Any CPU
		{1F22338A-0B3E-4AFF-908B-159893AD2D4B}.Debug|Any CPU.ActiveCfg = Debug|Any CPU
		{1F22338A-0B3E-4AFF-908B-159893AD2D4B}.Debug|Any CPU.Build.0 = Debug|Any CPU
		{1F22338A-0B3E-4AFF-908B-159893AD2D4B}.Release|Any CPU.ActiveCfg = Release|Any CPU
		{1F22338A-0B3E-4AFF-908B-159893AD2D4B}.Release|Any CPU.Build.0 = Release|Any CPU
		{8ECCFFF4-09E0-419B-88EA-4AFC35602EA4}.Debug|Any CPU.ActiveCfg = Debug|Any CPU
		{8ECCFFF4-09E0-419B-88EA-4AFC35602EA4}.Debug|Any CPU.Build.0 = Debug|Any CPU
		{8ECCFFF4-09E0-419B-88EA-4AFC35602EA4}.Release|Any CPU.ActiveCfg = Release|Any CPU
		{8ECCFFF4-09E0-419B-88EA-4AFC35602EA4}.Release|Any CPU.Build.0 = Release|Any CPU
		{87263D7B-DF63-4158-8809-6DFA8C85B1BC}.Debug|Any CPU.ActiveCfg = Debug|Any CPU
		{87263D7B-DF63-4158-8809-6DFA8C85B1BC}.Debug|Any CPU.Build.0 = Debug|Any CPU
		{87263D7B-DF63-4158-8809-6DFA8C85B1BC}.Release|Any CPU.ActiveCfg = Release|Any CPU
		{87263D7B-DF63-4158-8809-6DFA8C85B1BC}.Release|Any CPU.Build.0 = Release|Any CPU
	EndGlobalSection
	GlobalSection(SolutionProperties) = preSolution
		HideSolutionNode = FALSE
	EndGlobalSection
	GlobalSection(ExtensibilityGlobals) = postSolution
		SolutionGuid = {6753AF04-C1ED-4446-84DB-AF9E1E407798}
	EndGlobalSection
EndGlobal
