
Microsoft Visual Studio Solution File, Format Version 12.00
# Visual Studio Version 16
VisualStudioVersion = 16.0.29728.190
MinimumVisualStudioVersion = 10.0.40219.1
Project("{FAE04EC0-301F-11D3-BF4B-00C04F79EFBC}") = "SEDC.Class06.Excersises.App", "SEDC.Class06.Excersises.App\SEDC.Class06.Excersises.App.csproj", "{D0CA1A98-3C0F-42DE-84D3-1153896909F7}"
EndProject
Project("{FAE04EC0-301F-11D3-BF4B-00C04F79EFBC}") = "SEDC.Class06.Excersises.Business", "SEDC.Class06.Excersises.Business\SEDC.Class06.Excersises.Business.csproj", "{AF659D3F-2F7B-4DB1-9C04-F40F785ED38E}"
EndProject
Global
	GlobalSection(SolutionConfigurationPlatforms) = preSolution
		Debug|Any CPU = Debug|Any CPU
		Release|Any CPU = Release|Any CPU
	EndGlobalSection
	GlobalSection(ProjectConfigurationPlatforms) = postSolution
		{D0CA1A98-3C0F-42DE-84D3-1153896909F7}.Debug|Any CPU.ActiveCfg = Debug|Any CPU
		{D0CA1A98-3C0F-42DE-84D3-1153896909F7}.Debug|Any CPU.Build.0 = Debug|Any CPU
		{D0CA1A98-3C0F-42DE-84D3-1153896909F7}.Release|Any CPU.ActiveCfg = Release|Any CPU
		{D0CA1A98-3C0F-42DE-84D3-1153896909F7}.Release|Any CPU.Build.0 = Release|Any CPU
		{AF659D3F-2F7B-4DB1-9C04-F40F785ED38E}.Debug|Any CPU.ActiveCfg = Debug|Any CPU
		{AF659D3F-2F7B-4DB1-9C04-F40F785ED38E}.Debug|Any CPU.Build.0 = Debug|Any CPU
		{AF659D3F-2F7B-4DB1-9C04-F40F785ED38E}.Release|Any CPU.ActiveCfg = Release|Any CPU
		{AF659D3F-2F7B-4DB1-9C04-F40F785ED38E}.Release|Any CPU.Build.0 = Release|Any CPU
	EndGlobalSection
	GlobalSection(SolutionProperties) = preSolution
		HideSolutionNode = FALSE
	EndGlobalSection
	GlobalSection(ExtensibilityGlobals) = postSolution
		SolutionGuid = {94EABFB4-3DDE-417A-A570-94B57033537C}
	EndGlobalSection
EndGlobal
