
Microsoft Visual Studio Solution File, Format Version 12.00
# Visual Studio Version 16
VisualStudioVersion = 16.0.29728.190
MinimumVisualStudioVersion = 10.0.40219.1
Project("{FAE04EC0-301F-11D3-BF4B-00C04F79EFBC}") = "SEDC.Class10", "SEDC.Class10\SEDC.Class10.csproj", "{43F8D08B-B7E6-4DB0-B43B-5CC7EB1DF1DB}"
EndProject
Global
	GlobalSection(SolutionConfigurationPlatforms) = preSolution
		Debug|Any CPU = Debug|Any CPU
		Release|Any CPU = Release|Any CPU
	EndGlobalSection
	GlobalSection(ProjectConfigurationPlatforms) = postSolution
		{43F8D08B-B7E6-4DB0-B43B-5CC7EB1DF1DB}.Debug|Any CPU.ActiveCfg = Debug|Any CPU
		{43F8D08B-B7E6-4DB0-B43B-5CC7EB1DF1DB}.Debug|Any CPU.Build.0 = Debug|Any CPU
		{43F8D08B-B7E6-4DB0-B43B-5CC7EB1DF1DB}.Release|Any CPU.ActiveCfg = Release|Any CPU
		{43F8D08B-B7E6-4DB0-B43B-5CC7EB1DF1DB}.Release|Any CPU.Build.0 = Release|Any CPU
	EndGlobalSection
	GlobalSection(SolutionProperties) = preSolution
		HideSolutionNode = FALSE
	EndGlobalSection
	GlobalSection(ExtensibilityGlobals) = postSolution
		SolutionGuid = {1E3B00B8-7F5C-4E7A-B26E-2F6F707696F4}
	EndGlobalSection
EndGlobal
