
Microsoft Visual Studio Solution File, Format Version 12.00
# Visual Studio Version 16
VisualStudioVersion = 16.0.29709.97
MinimumVisualStudioVersion = 10.0.40219.1
Project("{9A19103F-16F7-4668-BE54-9A1E7A4F7556}") = "ConsoleApp", "ConsoleApp\ConsoleApp.csproj", "{3CBA8965-4853-40D7-9DB2-5322452881D4}"
EndProject
Project("{9A19103F-16F7-4668-BE54-9A1E7A4F7556}") = "DomainModels", "DomainModels\DomainModels.csproj", "{A88EC85D-63CF-4E5E-B90F-8291EEC206DB}"
EndProject
Project("{9A19103F-16F7-4668-BE54-9A1E7A4F7556}") = "Services", "Services\Services.csproj", "{BBAB438C-402D-482E-A066-C36FAB9C03E6}"
EndProject
Global
	GlobalSection(SolutionConfigurationPlatforms) = preSolution
		Debug|Any CPU = Debug|Any CPU
		Release|Any CPU = Release|Any CPU
	EndGlobalSection
	GlobalSection(ProjectConfigurationPlatforms) = postSolution
		{3CBA8965-4853-40D7-9DB2-5322452881D4}.Debug|Any CPU.ActiveCfg = Debug|Any CPU
		{3CBA8965-4853-40D7-9DB2-5322452881D4}.Debug|Any CPU.Build.0 = Debug|Any CPU
		{3CBA8965-4853-40D7-9DB2-5322452881D4}.Release|Any CPU.ActiveCfg = Release|Any CPU
		{3CBA8965-4853-40D7-9DB2-5322452881D4}.Release|Any CPU.Build.0 = Release|Any CPU
		{A88EC85D-63CF-4E5E-B90F-8291EEC206DB}.Debug|Any CPU.ActiveCfg = Debug|Any CPU
		{A88EC85D-63CF-4E5E-B90F-8291EEC206DB}.Debug|Any CPU.Build.0 = Debug|Any CPU
		{A88EC85D-63CF-4E5E-B90F-8291EEC206DB}.Release|Any CPU.ActiveCfg = Release|Any CPU
		{A88EC85D-63CF-4E5E-B90F-8291EEC206DB}.Release|Any CPU.Build.0 = Release|Any CPU
		{BBAB438C-402D-482E-A066-C36FAB9C03E6}.Debug|Any CPU.ActiveCfg = Debug|Any CPU
		{BBAB438C-402D-482E-A066-C36FAB9C03E6}.Debug|Any CPU.Build.0 = Debug|Any CPU
		{BBAB438C-402D-482E-A066-C36FAB9C03E6}.Release|Any CPU.ActiveCfg = Release|Any CPU
		{BBAB438C-402D-482E-A066-C36FAB9C03E6}.Release|Any CPU.Build.0 = Release|Any CPU
	EndGlobalSection
	GlobalSection(SolutionProperties) = preSolution
		HideSolutionNode = FALSE
	EndGlobalSection
	GlobalSection(ExtensibilityGlobals) = postSolution
		SolutionGuid = {9AE5B257-B3A2-40CA-85FA-CF133036C047}
	EndGlobalSection
EndGlobal
