
Microsoft Visual Studio Solution File, Format Version 12.00
# Visual Studio Version 16
VisualStudioVersion = 16.0.29926.136
MinimumVisualStudioVersion = 10.0.40219.1
Project("{FAE04EC0-301F-11D3-BF4B-00C04F79EFBC}") = "Songs", "Songs\Songs.csproj", "{F32C0D53-7452-47E5-B518-251100CA6523}"
EndProject
Project("{FAE04EC0-301F-11D3-BF4B-00C04F79EFBC}") = "DomainModels", "DomainModels\DomainModels.csproj", "{83AF89C8-1790-4438-80EE-C09B9F179218}"
EndProject
Project("{FAE04EC0-301F-11D3-BF4B-00C04F79EFBC}") = "Services", "Services\Services.csproj", "{0BFF3848-DD7E-41CF-AC65-3611BF3285DD}"
EndProject
Global
	GlobalSection(SolutionConfigurationPlatforms) = preSolution
		Debug|Any CPU = Debug|Any CPU
		Release|Any CPU = Release|Any CPU
	EndGlobalSection
	GlobalSection(ProjectConfigurationPlatforms) = postSolution
		{F32C0D53-7452-47E5-B518-251100CA6523}.Debug|Any CPU.ActiveCfg = Debug|Any CPU
		{F32C0D53-7452-47E5-B518-251100CA6523}.Debug|Any CPU.Build.0 = Debug|Any CPU
		{F32C0D53-7452-47E5-B518-251100CA6523}.Release|Any CPU.ActiveCfg = Release|Any CPU
		{F32C0D53-7452-47E5-B518-251100CA6523}.Release|Any CPU.Build.0 = Release|Any CPU
		{83AF89C8-1790-4438-80EE-C09B9F179218}.Debug|Any CPU.ActiveCfg = Debug|Any CPU
		{83AF89C8-1790-4438-80EE-C09B9F179218}.Debug|Any CPU.Build.0 = Debug|Any CPU
		{83AF89C8-1790-4438-80EE-C09B9F179218}.Release|Any CPU.ActiveCfg = Release|Any CPU
		{83AF89C8-1790-4438-80EE-C09B9F179218}.Release|Any CPU.Build.0 = Release|Any CPU
		{0BFF3848-DD7E-41CF-AC65-3611BF3285DD}.Debug|Any CPU.ActiveCfg = Debug|Any CPU
		{0BFF3848-DD7E-41CF-AC65-3611BF3285DD}.Debug|Any CPU.Build.0 = Debug|Any CPU
		{0BFF3848-DD7E-41CF-AC65-3611BF3285DD}.Release|Any CPU.ActiveCfg = Release|Any CPU
		{0BFF3848-DD7E-41CF-AC65-3611BF3285DD}.Release|Any CPU.Build.0 = Release|Any CPU
	EndGlobalSection
	GlobalSection(SolutionProperties) = preSolution
		HideSolutionNode = FALSE
	EndGlobalSection
	GlobalSection(ExtensibilityGlobals) = postSolution
		SolutionGuid = {0EC8E024-1358-4568-BBDA-9A6411A6120C}
	EndGlobalSection
EndGlobal
