
Microsoft Visual Studio Solution File, Format Version 12.00
# Visual Studio Version 16
VisualStudioVersion = 16.0.29806.167
MinimumVisualStudioVersion = 10.0.40219.1
Project("{FAE04EC0-301F-11D3-BF4B-00C04F79EFBC}") = "Class01.Intro", "Class01.Intro\Class01.Intro.csproj", "{34FBB03A-2478-4663-91C0-40E0C5170FE8}"
EndProject
Global
	GlobalSection(SolutionConfigurationPlatforms) = preSolution
		Debug|Any CPU = Debug|Any CPU
		Release|Any CPU = Release|Any CPU
	EndGlobalSection
	GlobalSection(ProjectConfigurationPlatforms) = postSolution
		{34FBB03A-2478-4663-91C0-40E0C5170FE8}.Debug|Any CPU.ActiveCfg = Debug|Any CPU
		{34FBB03A-2478-4663-91C0-40E0C5170FE8}.Debug|Any CPU.Build.0 = Debug|Any CPU
		{34FBB03A-2478-4663-91C0-40E0C5170FE8}.Release|Any CPU.ActiveCfg = Release|Any CPU
		{34FBB03A-2478-4663-91C0-40E0C5170FE8}.Release|Any CPU.Build.0 = Release|Any CPU
	EndGlobalSection
	GlobalSection(SolutionProperties) = preSolution
		HideSolutionNode = FALSE
	EndGlobalSection
	GlobalSection(ExtensibilityGlobals) = postSolution
		SolutionGuid = {BF925EA2-5669-4DB1-A938-D53DFC3D2C11}
	EndGlobalSection
EndGlobal
