
Microsoft Visual Studio Solution File, Format Version 12.00
# Visual Studio Version 16
VisualStudioVersion = 16.0.29728.190
MinimumVisualStudioVersion = 10.0.40219.1
Project("{FAE04EC0-301F-11D3-BF4B-00C04F79EFBC}") = "SEDC.Class08.LINQ", "SEDC.Class08.LINQ\SEDC.Class08.LINQ.csproj", "{6171CF0F-469A-4FD9-A27C-87AFEC43F449}"
EndProject
Global
	GlobalSection(SolutionConfigurationPlatforms) = preSolution
		Debug|Any CPU = Debug|Any CPU
		Release|Any CPU = Release|Any CPU
	EndGlobalSection
	GlobalSection(ProjectConfigurationPlatforms) = postSolution
		{6171CF0F-469A-4FD9-A27C-87AFEC43F449}.Debug|Any CPU.ActiveCfg = Debug|Any CPU
		{6171CF0F-469A-4FD9-A27C-87AFEC43F449}.Debug|Any CPU.Build.0 = Debug|Any CPU
		{6171CF0F-469A-4FD9-A27C-87AFEC43F449}.Release|Any CPU.ActiveCfg = Release|Any CPU
		{6171CF0F-469A-4FD9-A27C-87AFEC43F449}.Release|Any CPU.Build.0 = Release|Any CPU
	EndGlobalSection
	GlobalSection(SolutionProperties) = preSolution
		HideSolutionNode = FALSE
	EndGlobalSection
	GlobalSection(ExtensibilityGlobals) = postSolution
		SolutionGuid = {5310EA2E-3331-4318-9F8B-12083DB2D5BF}
	EndGlobalSection
EndGlobal
