
Microsoft Visual Studio Solution File, Format Version 12.00
# Visual Studio Version 16
VisualStudioVersion = 16.0.29806.167
MinimumVisualStudioVersion = 10.0.40219.1
Project("{FAE04EC0-301F-11D3-BF4B-00C04F79EFBC}") = "Exe1", "Exe1\Exe1.csproj", "{FCECE08E-6690-444C-8F3E-DA561EDEFCDC}"
EndProject
Project("{FAE04EC0-301F-11D3-BF4B-00C04F79EFBC}") = "Exe2", "Exe2\Exe2.csproj", "{7EB604BC-0513-4D4A-84E5-93D359A2BF54}"
EndProject
Project("{FAE04EC0-301F-11D3-BF4B-00C04F79EFBC}") = "Exe3", "Exe3\Exe3.csproj", "{DEFDD79B-ECF1-4615-8536-B8E1DD0FF280}"
EndProject
Project("{FAE04EC0-301F-11D3-BF4B-00C04F79EFBC}") = "Exe4", "Exe4\Exe4.csproj", "{51549BA5-D5B3-48ED-B7C9-437688DAE3A4}"
EndProject
Global
	GlobalSection(SolutionConfigurationPlatforms) = preSolution
		Debug|Any CPU = Debug|Any CPU
		Release|Any CPU = Release|Any CPU
	EndGlobalSection
	GlobalSection(ProjectConfigurationPlatforms) = postSolution
		{FCECE08E-6690-444C-8F3E-DA561EDEFCDC}.Debug|Any CPU.ActiveCfg = Debug|Any CPU
		{FCECE08E-6690-444C-8F3E-DA561EDEFCDC}.Debug|Any CPU.Build.0 = Debug|Any CPU
		{FCECE08E-6690-444C-8F3E-DA561EDEFCDC}.Release|Any CPU.ActiveCfg = Release|Any CPU
		{FCECE08E-6690-444C-8F3E-DA561EDEFCDC}.Release|Any CPU.Build.0 = Release|Any CPU
		{7EB604BC-0513-4D4A-84E5-93D359A2BF54}.Debug|Any CPU.ActiveCfg = Debug|Any CPU
		{7EB604BC-0513-4D4A-84E5-93D359A2BF54}.Debug|Any CPU.Build.0 = Debug|Any CPU
		{7EB604BC-0513-4D4A-84E5-93D359A2BF54}.Release|Any CPU.ActiveCfg = Release|Any CPU
		{7EB604BC-0513-4D4A-84E5-93D359A2BF54}.Release|Any CPU.Build.0 = Release|Any CPU
		{DEFDD79B-ECF1-4615-8536-B8E1DD0FF280}.Debug|Any CPU.ActiveCfg = Debug|Any CPU
		{DEFDD79B-ECF1-4615-8536-B8E1DD0FF280}.Debug|Any CPU.Build.0 = Debug|Any CPU
		{DEFDD79B-ECF1-4615-8536-B8E1DD0FF280}.Release|Any CPU.ActiveCfg = Release|Any CPU
		{DEFDD79B-ECF1-4615-8536-B8E1DD0FF280}.Release|Any CPU.Build.0 = Release|Any CPU
		{51549BA5-D5B3-48ED-B7C9-437688DAE3A4}.Debug|Any CPU.ActiveCfg = Debug|Any CPU
		{51549BA5-D5B3-48ED-B7C9-437688DAE3A4}.Debug|Any CPU.Build.0 = Debug|Any CPU
		{51549BA5-D5B3-48ED-B7C9-437688DAE3A4}.Release|Any CPU.ActiveCfg = Release|Any CPU
		{51549BA5-D5B3-48ED-B7C9-437688DAE3A4}.Release|Any CPU.Build.0 = Release|Any CPU
	EndGlobalSection
	GlobalSection(SolutionProperties) = preSolution
		HideSolutionNode = FALSE
	EndGlobalSection
	GlobalSection(ExtensibilityGlobals) = postSolution
		SolutionGuid = {AD57FDA6-DD65-4DF2-85EA-9C2CCA47C46C}
	EndGlobalSection
EndGlobal
