
Microsoft Visual Studio Solution File, Format Version 12.00
# Visual Studio Version 16
VisualStudioVersion = 16.0.30011.22
MinimumVisualStudioVersion = 10.0.40219.1
Project("{FAE04EC0-301F-11D3-BF4B-00C04F79EFBC}") = "SEDC.LINQ", "SEDC.LINQ\SEDC.LINQ.csproj", "{10D379D8-0BE9-4EDA-AEC6-C98A92BAC3A2}"
EndProject
Global
	GlobalSection(SolutionConfigurationPlatforms) = preSolution
		Debug|Any CPU = Debug|Any CPU
		Release|Any CPU = Release|Any CPU
	EndGlobalSection
	GlobalSection(ProjectConfigurationPlatforms) = postSolution
		{10D379D8-0BE9-4EDA-AEC6-C98A92BAC3A2}.Debug|Any CPU.ActiveCfg = Debug|Any CPU
		{10D379D8-0BE9-4EDA-AEC6-C98A92BAC3A2}.Debug|Any CPU.Build.0 = Debug|Any CPU
		{10D379D8-0BE9-4EDA-AEC6-C98A92BAC3A2}.Release|Any CPU.ActiveCfg = Release|Any CPU
		{10D379D8-0BE9-4EDA-AEC6-C98A92BAC3A2}.Release|Any CPU.Build.0 = Release|Any CPU
	EndGlobalSection
	GlobalSection(SolutionProperties) = preSolution
		HideSolutionNode = FALSE
	EndGlobalSection
	GlobalSection(ExtensibilityGlobals) = postSolution
		SolutionGuid = {1798F7A3-E50F-498C-A558-FD63AD3BFE1D}
	EndGlobalSection
EndGlobal
