
Microsoft Visual Studio Solution File, Format Version 12.00
# Visual Studio Version 16
VisualStudioVersion = 16.0.29806.167
MinimumVisualStudioVersion = 10.0.40219.1
Project("{FAE04EC0-301F-11D3-BF4B-00C04F79EFBC}") = "FirstDemoApp", "FirstDemoApp\FirstDemoApp.csproj", "{9B21AF6F-C530-4098-8446-D8B980EE31DE}"
EndProject
Global
	GlobalSection(SolutionConfigurationPlatforms) = preSolution
		Debug|Any CPU = Debug|Any CPU
		Release|Any CPU = Release|Any CPU
	EndGlobalSection
	GlobalSection(ProjectConfigurationPlatforms) = postSolution
		{9B21AF6F-C530-4098-8446-D8B980EE31DE}.Debug|Any CPU.ActiveCfg = Debug|Any CPU
		{9B21AF6F-C530-4098-8446-D8B980EE31DE}.Debug|Any CPU.Build.0 = Debug|Any CPU
		{9B21AF6F-C530-4098-8446-D8B980EE31DE}.Release|Any CPU.ActiveCfg = Release|Any CPU
		{9B21AF6F-C530-4098-8446-D8B980EE31DE}.Release|Any CPU.Build.0 = Release|Any CPU
	EndGlobalSection
	GlobalSection(SolutionProperties) = preSolution
		HideSolutionNode = FALSE
	EndGlobalSection
	GlobalSection(ExtensibilityGlobals) = postSolution
		SolutionGuid = {433A246B-8BB6-4CAB-AA2F-09FCFFB1F4D7}
	EndGlobalSection
EndGlobal
