
Microsoft Visual Studio Solution File, Format Version 12.00
# Visual Studio Version 16
VisualStudioVersion = 16.0.29806.167
MinimumVisualStudioVersion = 10.0.40219.1
Project("{FAE04EC0-301F-11D3-BF4B-00C04F79EFBC}") = "VehicleSalon", "VehicleSalon\VehicleSalon.csproj", "{88F9225F-1365-4330-9C13-8BAD50E9C957}"
EndProject
Project("{FAE04EC0-301F-11D3-BF4B-00C04F79EFBC}") = "Classes", "Classes\Classes.csproj", "{D93F628C-BCF7-4518-8FA4-8B8B0583D073}"
EndProject
Global
	GlobalSection(SolutionConfigurationPlatforms) = preSolution
		Debug|Any CPU = Debug|Any CPU
		Release|Any CPU = Release|Any CPU
	EndGlobalSection
	GlobalSection(ProjectConfigurationPlatforms) = postSolution
		{88F9225F-1365-4330-9C13-8BAD50E9C957}.Debug|Any CPU.ActiveCfg = Debug|Any CPU
		{88F9225F-1365-4330-9C13-8BAD50E9C957}.Debug|Any CPU.Build.0 = Debug|Any CPU
		{88F9225F-1365-4330-9C13-8BAD50E9C957}.Release|Any CPU.ActiveCfg = Release|Any CPU
		{88F9225F-1365-4330-9C13-8BAD50E9C957}.Release|Any CPU.Build.0 = Release|Any CPU
		{D93F628C-BCF7-4518-8FA4-8B8B0583D073}.Debug|Any CPU.ActiveCfg = Debug|Any CPU
		{D93F628C-BCF7-4518-8FA4-8B8B0583D073}.Debug|Any CPU.Build.0 = Debug|Any CPU
		{D93F628C-BCF7-4518-8FA4-8B8B0583D073}.Release|Any CPU.ActiveCfg = Release|Any CPU
		{D93F628C-BCF7-4518-8FA4-8B8B0583D073}.Release|Any CPU.Build.0 = Release|Any CPU
	EndGlobalSection
	GlobalSection(SolutionProperties) = preSolution
		HideSolutionNode = FALSE
	EndGlobalSection
	GlobalSection(ExtensibilityGlobals) = postSolution
		SolutionGuid = {5844F1A2-A7EA-44C4-B189-E103979FA0BA}
	EndGlobalSection
EndGlobal
