
Microsoft Visual Studio Solution File, Format Version 12.00
# Visual Studio Version 16
VisualStudioVersion = 16.0.29806.167
MinimumVisualStudioVersion = 10.0.40219.1
Project("{9A19103F-16F7-4668-BE54-9A1E7A4F7556}") = "Class07.Inheritance", "Class07.Inheritance\Class07.Inheritance.csproj", "{0C5A6239-EE39-4645-98A4-CFFAE5E1F76D}"
EndProject
Project("{FAE04EC0-301F-11D3-BF4B-00C04F79EFBC}") = "Class07.BooksInheritanceExample", "Class07.BooksInheritanceExample\Class07.BooksInheritanceExample.csproj", "{ED4F159B-8EF1-4A63-8CFA-ED17EA099E47}"
EndProject
Project("{FAE04EC0-301F-11D3-BF4B-00C04F79EFBC}") = "Class07.Domain", "Class07.Domain\Class07.Domain.csproj", "{42A3A346-D7BA-4590-9334-7FF946574899}"
EndProject
Global
	GlobalSection(SolutionConfigurationPlatforms) = preSolution
		Debug|Any CPU = Debug|Any CPU
		Release|Any CPU = Release|Any CPU
	EndGlobalSection
	GlobalSection(ProjectConfigurationPlatforms) = postSolution
		{0C5A6239-EE39-4645-98A4-CFFAE5E1F76D}.Debug|Any CPU.ActiveCfg = Debug|Any CPU
		{0C5A6239-EE39-4645-98A4-CFFAE5E1F76D}.Debug|Any CPU.Build.0 = Debug|Any CPU
		{0C5A6239-EE39-4645-98A4-CFFAE5E1F76D}.Release|Any CPU.ActiveCfg = Release|Any CPU
		{0C5A6239-EE39-4645-98A4-CFFAE5E1F76D}.Release|Any CPU.Build.0 = Release|Any CPU
		{ED4F159B-8EF1-4A63-8CFA-ED17EA099E47}.Debug|Any CPU.ActiveCfg = Debug|Any CPU
		{ED4F159B-8EF1-4A63-8CFA-ED17EA099E47}.Debug|Any CPU.Build.0 = Debug|Any CPU
		{ED4F159B-8EF1-4A63-8CFA-ED17EA099E47}.Release|Any CPU.ActiveCfg = Release|Any CPU
		{ED4F159B-8EF1-4A63-8CFA-ED17EA099E47}.Release|Any CPU.Build.0 = Release|Any CPU
		{42A3A346-D7BA-4590-9334-7FF946574899}.Debug|Any CPU.ActiveCfg = Debug|Any CPU
		{42A3A346-D7BA-4590-9334-7FF946574899}.Debug|Any CPU.Build.0 = Debug|Any CPU
		{42A3A346-D7BA-4590-9334-7FF946574899}.Release|Any CPU.ActiveCfg = Release|Any CPU
		{42A3A346-D7BA-4590-9334-7FF946574899}.Release|Any CPU.Build.0 = Release|Any CPU
	EndGlobalSection
	GlobalSection(SolutionProperties) = preSolution
		HideSolutionNode = FALSE
	EndGlobalSection
	GlobalSection(ExtensibilityGlobals) = postSolution
		SolutionGuid = {38DFD195-1074-4955-A190-8A75F190334A}
	EndGlobalSection
EndGlobal
