
Microsoft Visual Studio Solution File, Format Version 12.00
# Visual Studio Version 16
VisualStudioVersion = 16.0.29709.97
MinimumVisualStudioVersion = 10.0.40219.1
Project("{9A19103F-16F7-4668-BE54-9A1E7A4F7556}") = "Recap", "Recap\Recap.csproj", "{A4B141DB-4339-40E6-9FEA-86FB58168440}"
EndProject
Project("{FAE04EC0-301F-11D3-BF4B-00C04F79EFBC}") = "ExternalProject", "ExternalProject\ExternalProject.csproj", "{BF3B321E-7180-441F-88EF-5C0C5D096142}"
EndProject
Global
	GlobalSection(SolutionConfigurationPlatforms) = preSolution
		Debug|Any CPU = Debug|Any CPU
		Release|Any CPU = Release|Any CPU
	EndGlobalSection
	GlobalSection(ProjectConfigurationPlatforms) = postSolution
		{A4B141DB-4339-40E6-9FEA-86FB58168440}.Debug|Any CPU.ActiveCfg = Debug|Any CPU
		{A4B141DB-4339-40E6-9FEA-86FB58168440}.Debug|Any CPU.Build.0 = Debug|Any CPU
		{A4B141DB-4339-40E6-9FEA-86FB58168440}.Release|Any CPU.ActiveCfg = Release|Any CPU
		{A4B141DB-4339-40E6-9FEA-86FB58168440}.Release|Any CPU.Build.0 = Release|Any CPU
		{BF3B321E-7180-441F-88EF-5C0C5D096142}.Debug|Any CPU.ActiveCfg = Debug|Any CPU
		{BF3B321E-7180-441F-88EF-5C0C5D096142}.Debug|Any CPU.Build.0 = Debug|Any CPU
		{BF3B321E-7180-441F-88EF-5C0C5D096142}.Release|Any CPU.ActiveCfg = Release|Any CPU
		{BF3B321E-7180-441F-88EF-5C0C5D096142}.Release|Any CPU.Build.0 = Release|Any CPU
	EndGlobalSection
	GlobalSection(SolutionProperties) = preSolution
		HideSolutionNode = FALSE
	EndGlobalSection
	GlobalSection(ExtensibilityGlobals) = postSolution
		SolutionGuid = {C91A6BFB-6537-4C60-B6E3-69AD14B98A2E}
	EndGlobalSection
EndGlobal
