
Microsoft Visual Studio Solution File, Format Version 12.00
# Visual Studio Version 16
VisualStudioVersion = 16.0.29926.136
MinimumVisualStudioVersion = 10.0.40219.1
Project("{FAE04EC0-301F-11D3-BF4B-00C04F79EFBC}") = "AcademyApp", "AcademyApp\AcademyApp.csproj", "{A0876951-0407-4992-86D9-4178E89D0EAD}"
EndProject
Project("{FAE04EC0-301F-11D3-BF4B-00C04F79EFBC}") = "Domain", "Domain\Domain.csproj", "{30D0418C-2820-4CD1-A0B9-E7934C25C07E}"
EndProject
Project("{FAE04EC0-301F-11D3-BF4B-00C04F79EFBC}") = "Services", "Services\Services.csproj", "{21D302E2-0A34-40C7-88E2-AA50517C1BA1}"
EndProject
Global
	GlobalSection(SolutionConfigurationPlatforms) = preSolution
		Debug|Any CPU = Debug|Any CPU
		Release|Any CPU = Release|Any CPU
	EndGlobalSection
	GlobalSection(ProjectConfigurationPlatforms) = postSolution
		{A0876951-0407-4992-86D9-4178E89D0EAD}.Debug|Any CPU.ActiveCfg = Debug|Any CPU
		{A0876951-0407-4992-86D9-4178E89D0EAD}.Debug|Any CPU.Build.0 = Debug|Any CPU
		{A0876951-0407-4992-86D9-4178E89D0EAD}.Release|Any CPU.ActiveCfg = Release|Any CPU
		{A0876951-0407-4992-86D9-4178E89D0EAD}.Release|Any CPU.Build.0 = Release|Any CPU
		{30D0418C-2820-4CD1-A0B9-E7934C25C07E}.Debug|Any CPU.ActiveCfg = Debug|Any CPU
		{30D0418C-2820-4CD1-A0B9-E7934C25C07E}.Debug|Any CPU.Build.0 = Debug|Any CPU
		{30D0418C-2820-4CD1-A0B9-E7934C25C07E}.Release|Any CPU.ActiveCfg = Release|Any CPU
		{30D0418C-2820-4CD1-A0B9-E7934C25C07E}.Release|Any CPU.Build.0 = Release|Any CPU
		{21D302E2-0A34-40C7-88E2-AA50517C1BA1}.Debug|Any CPU.ActiveCfg = Debug|Any CPU
		{21D302E2-0A34-40C7-88E2-AA50517C1BA1}.Debug|Any CPU.Build.0 = Debug|Any CPU
		{21D302E2-0A34-40C7-88E2-AA50517C1BA1}.Release|Any CPU.ActiveCfg = Release|Any CPU
		{21D302E2-0A34-40C7-88E2-AA50517C1BA1}.Release|Any CPU.Build.0 = Release|Any CPU
	EndGlobalSection
	GlobalSection(SolutionProperties) = preSolution
		HideSolutionNode = FALSE
	EndGlobalSection
	GlobalSection(ExtensibilityGlobals) = postSolution
		SolutionGuid = {95F8F199-3E71-4DC2-8A02-9DD40DDEDFF9}
	EndGlobalSection
EndGlobal
