
Microsoft Visual Studio Solution File, Format Version 12.00
# Visual Studio Version 16
VisualStudioVersion = 16.0.29806.167
MinimumVisualStudioVersion = 10.0.40219.1
Project("{FAE04EC0-301F-11D3-BF4B-00C04F79EFBC}") = "Class08", "Class08\Class08.csproj", "{76270403-C0AF-478C-8758-90AA2323FBFC}"
EndProject
Global
	GlobalSection(SolutionConfigurationPlatforms) = preSolution
		Debug|Any CPU = Debug|Any CPU
		Release|Any CPU = Release|Any CPU
	EndGlobalSection
	GlobalSection(ProjectConfigurationPlatforms) = postSolution
		{76270403-C0AF-478C-8758-90AA2323FBFC}.Debug|Any CPU.ActiveCfg = Debug|Any CPU
		{76270403-C0AF-478C-8758-90AA2323FBFC}.Debug|Any CPU.Build.0 = Debug|Any CPU
		{76270403-C0AF-478C-8758-90AA2323FBFC}.Release|Any CPU.ActiveCfg = Release|Any CPU
		{76270403-C0AF-478C-8758-90AA2323FBFC}.Release|Any CPU.Build.0 = Release|Any CPU
	EndGlobalSection
	GlobalSection(SolutionProperties) = preSolution
		HideSolutionNode = FALSE
	EndGlobalSection
	GlobalSection(ExtensibilityGlobals) = postSolution
		SolutionGuid = {94AE52A9-0545-419E-9F96-7203154E6368}
	EndGlobalSection
EndGlobal
