
Microsoft Visual Studio Solution File, Format Version 12.00
# Visual Studio Version 16
VisualStudioVersion = 16.0.29806.167
MinimumVisualStudioVersion = 10.0.40219.1
Project("{FAE04EC0-301F-11D3-BF4B-00C04F79EFBC}") = "SEDC.Class06_Part1", "SEDC.Class06_Part1\SEDC.Class06_Part1.csproj", "{44D01A6B-C4EE-4D5D-9E37-3107A823B13E}"
EndProject
Global
	GlobalSection(SolutionConfigurationPlatforms) = preSolution
		Debug|Any CPU = Debug|Any CPU
		Release|Any CPU = Release|Any CPU
	EndGlobalSection
	GlobalSection(ProjectConfigurationPlatforms) = postSolution
		{44D01A6B-C4EE-4D5D-9E37-3107A823B13E}.Debug|Any CPU.ActiveCfg = Debug|Any CPU
		{44D01A6B-C4EE-4D5D-9E37-3107A823B13E}.Debug|Any CPU.Build.0 = Debug|Any CPU
		{44D01A6B-C4EE-4D5D-9E37-3107A823B13E}.Release|Any CPU.ActiveCfg = Release|Any CPU
		{44D01A6B-C4EE-4D5D-9E37-3107A823B13E}.Release|Any CPU.Build.0 = Release|Any CPU
	EndGlobalSection
	GlobalSection(SolutionProperties) = preSolution
		HideSolutionNode = FALSE
	EndGlobalSection
	GlobalSection(ExtensibilityGlobals) = postSolution
		SolutionGuid = {51472A6D-3893-4346-A001-674A07F1DF6D}
	EndGlobalSection
EndGlobal
