
Microsoft Visual Studio Solution File, Format Version 12.00
# Visual Studio Version 16
VisualStudioVersion = 16.0.29806.167
MinimumVisualStudioVersion = 10.0.40219.1
Project("{FAE04EC0-301F-11D3-BF4B-00C04F79EFBC}") = "Digitron", "Digitron\Digitron.csproj", "{7E3320A8-078A-46A2-81D6-8E1F433B3563}"
EndProject
Global
	GlobalSection(SolutionConfigurationPlatforms) = preSolution
		Debug|Any CPU = Debug|Any CPU
		Release|Any CPU = Release|Any CPU
	EndGlobalSection
	GlobalSection(ProjectConfigurationPlatforms) = postSolution
		{7E3320A8-078A-46A2-81D6-8E1F433B3563}.Debug|Any CPU.ActiveCfg = Debug|Any CPU
		{7E3320A8-078A-46A2-81D6-8E1F433B3563}.Debug|Any CPU.Build.0 = Debug|Any CPU
		{7E3320A8-078A-46A2-81D6-8E1F433B3563}.Release|Any CPU.ActiveCfg = Release|Any CPU
		{7E3320A8-078A-46A2-81D6-8E1F433B3563}.Release|Any CPU.Build.0 = Release|Any CPU
	EndGlobalSection
	GlobalSection(SolutionProperties) = preSolution
		HideSolutionNode = FALSE
	EndGlobalSection
	GlobalSection(ExtensibilityGlobals) = postSolution
		SolutionGuid = {CFCD42ED-6729-47E5-836A-91115415BFC2}
	EndGlobalSection
EndGlobal
